<?xml version="1.0" encoding="utf-8"?>
<Project ToolsVersion="4.0" xmlns="http://schemas.microsoft.com/developer/msbuild/2003">
  <ItemGroup>
    <Filter Include="Source Files">
      <UniqueIdentifier>{4FC737F1-C7A5-4376-A066-2A32D752A2FF}</UniqueIdentifier>
      <Extensions>cpp;c;cc;cxx;def;odl;idl;hpj;bat;asm;asmx</Extensions>
    </Filter>
    <Filter Include="Header Files">
      <UniqueIdentifier>{93995380-89BD-4b04-88EB-625FBE52EBFB}</UniqueIdentifier>
      <Extensions>h;hh;hpp;hxx;hm;inl;inc;xsd</Extensions>
    </Filter>
    <Filter Include="Resource Files">
      <UniqueIdentifier>{67DA6AB6-F800-4c08-8B7A-83BB121AAD01}</UniqueIdentifier>
      <Extensions>rc;ico;cur;bmp;dlg;rc2;rct;bin;rgs;gif;jpg;jpeg;jpe;resx;tiff;tif;png;wav;mfcribbon-ms</Extensions>
    </Filter>
    <Filter Include="Source Files\External">
      <UniqueIdentifier>{f5d1a30a-bd06-45bf-b668-8ef847693679}</UniqueIdentifier>
    </Filter>
    <Filter Include="Header Files\Shape Objects">
      <UniqueIdentifier>{be02c491-4c08-49b4-88c4-e50cbe58202c}</UniqueIdentifier>
    </Filter>
    <Filter Include="Header Files\Collision Detection">
      <UniqueIdentifier>{e1e5023a-9da9-4c1b-9919-386d55d4a4ae}</UniqueIdentifier>
    </Filter>
    <Filter Include="Header Files\Display">
      <UniqueIdentifier>{27d5ab1f-8c07-4173-a57a-ea8c7ae57af8}</UniqueIdentifier>
    </Filter>
    <Filter Include="Header Files\Base">
      <UniqueIdentifier>{50ad7e5c-65e7-4596-837e-a4894b801574}</UniqueIdentifier>
    </Filter>
    <Filter Include="Source Files\Shape Objects">
      <UniqueIdentifier>{86735cad-d95a-4822-ab7b-e239ee4be7a1}</UniqueIdentifier>
    </Filter>
    <Filter Include="Source Files\Collision Detection">
      <UniqueIdentifier>{6526abd3-445e-4253-b488-7f6397e4d131}</UniqueIdentifier>
    </Filter>
    <Filter Include="Source Files\Display">
      <UniqueIdentifier>{ea495c84-ea11-4d0a-bdbe-c00838d87028}</UniqueIdentifier>
    </Filter>
    <Filter Include="Source Files\Main">
      <UniqueIdentifier>{d995198c-43cb-4f04-964b-3e3f913a050a}</UniqueIdentifier>
    </Filter>
    <Filter Include="Testing">
      <UniqueIdentifier>{ecc7448b-243d-497e-b61d-6a7ab2a59730}</UniqueIdentifier>
    </Filter>
    <Filter Include="Resource Files\Shaders">
      <UniqueIdentifier>{414b15e1-5cae-429a-8225-888e8e036c54}</UniqueIdentifier>
    </Filter>
    <Filter Include="Header Files\Entities">
      <UniqueIdentifier>{d7c83eed-64fe-45bb-8842-461e40a19d10}</UniqueIdentifier>
    </Filter>
    <Filter Include="Source Files\Entities">
      <UniqueIdentifier>{8fa62000-50b0-4b6d-ac58-9dbab38fec84}</UniqueIdentifier>
    </Filter>
    <Filter Include="Header Files\Data Structures">
      <UniqueIdentifier>{ebdcfa5f-028f-4d67-8c95-591871837c45}</UniqueIdentifier>
    </Filter>
    <Filter Include="Source Files\Data Structures">
      <UniqueIdentifier>{2f693993-4000-4e9c-a061-92065cc759a9}</UniqueIdentifier>
    </Filter>
  </ItemGroup>
  <ItemGroup>
    <ClCompile Include="stb_image.cpp">
      <Filter>Source Files\External</Filter>
    </ClCompile>
    <ClCompile Include="Circle.cpp">
      <Filter>Source Files\Shape Objects</Filter>
    </ClCompile>
    <ClCompile Include="Rectangle.cpp">
      <Filter>Source Files\Shape Objects</Filter>
    </ClCompile>
    <ClCompile Include="Triangle.cpp">
      <Filter>Source Files\Shape Objects</Filter>
    </ClCompile>
    <ClCompile Include="Bounds.cpp">
      <Filter>Source Files\Collision Detection</Filter>
    </ClCompile>
    <ClCompile Include="Hitbox.cpp">
      <Filter>Source Files\Collision Detection</Filter>
    </ClCompile>
    <ClCompile Include="HitArray.cpp">
      <Filter>Source Files\Collision Detection</Filter>
    </ClCompile>
    <ClCompile Include="ScoreBoard.cpp">
      <Filter>Source Files\Display</Filter>
    </ClCompile>
    <ClCompile Include="GraphicNumber.cpp">
      <Filter>Source Files\Display</Filter>
    </ClCompile>
    <ClCompile Include="Init.cpp">
      <Filter>Source Files\Main</Filter>
    </ClCompile>
    <ClCompile Include="Shape.cpp">
      <Filter>Source Files\Main</Filter>
    </ClCompile>
    <ClCompile Include="App.cpp">
      <Filter>Source Files\Main</Filter>
    </ClCompile>
    <ClCompile Include="TestClass.cpp">
      <Filter>Testing</Filter>
    </ClCompile>
    <ClCompile Include="Ship.cpp">
      <Filter>Source Files\Entities</Filter>
    </ClCompile>
    <ClCompile Include="Bullet.cpp">
      <Filter>Source Files\Entities</Filter>
    </ClCompile>
    <ClCompile Include="Swarm.cpp">
      <Filter>Source Files\Entities</Filter>
    </ClCompile>
    <ClCompile Include="Magazine.cpp">
      <Filter>Source Files\Collision Detection</Filter>
    </ClCompile>
    <ClCompile Include="ExplodeAnimation.cpp">
      <Filter>Source Files\Display</Filter>
    </ClCompile>
  </ItemGroup>
  <ItemGroup>
    <ClInclude Include="stb_image.h">
      <Filter>Source Files\External</Filter>
    </ClInclude>
    <ClInclude Include="Triangle.h">
      <Filter>Header Files\Shape Objects</Filter>
    </ClInclude>
    <ClInclude Include="Rectangle.h">
      <Filter>Header Files\Shape Objects</Filter>
    </ClInclude>
    <ClInclude Include="Hitbox.h">
      <Filter>Header Files\Collision Detection</Filter>
    </ClInclude>
    <ClInclude Include="HitArray.h">
      <Filter>Header Files\Collision Detection</Filter>
    </ClInclude>
    <ClInclude Include="Bounds.h">
      <Filter>Header Files\Collision Detection</Filter>
    </ClInclude>
    <ClInclude Include="GraphicNumber.h">
      <Filter>Header Files\Display</Filter>
    </ClInclude>
    <ClInclude Include="ScoreBoard.h">
      <Filter>Header Files\Display</Filter>
    </ClInclude>
    <ClInclude Include="Circle.h">
      <Filter>Header Files\Shape Objects</Filter>
    </ClInclude>
    <ClInclude Include="Init.h">
      <Filter>Header Files\Base</Filter>
    </ClInclude>
    <ClInclude Include="Shape.h">
      <Filter>Header Files\Base</Filter>
    </ClInclude>
    <ClInclude Include="TestClass.h">
      <Filter>Testing</Filter>
    </ClInclude>
    <ClInclude Include="Ship.h">
      <Filter>Header Files\Entities</Filter>
    </ClInclude>
    <ClInclude Include="Bullet.h">
      <Filter>Header Files\Entities</Filter>
    </ClInclude>
    <ClInclude Include="Swarm.h">
      <Filter>Header Files\Entities</Filter>
    </ClInclude>
    <ClInclude Include="Magazine.h">
      <Filter>Header Files\Collision Detection</Filter>
    </ClInclude>
    <ClInclude Include="FireTimer.h">
      <Filter>Header Files\Base</Filter>
    </ClInclude>
    <ClInclude Include="ExplodeAnimation.h">
      <Filter>Header Files\Display</Filter>
    </ClInclude>
  </ItemGroup>
  <ItemGroup>
    <None Include="basic.shader">
      <Filter>Resource Files\Shaders</Filter>
    </None>
  </ItemGroup>
</Project>